
Microsoft Visual Studio Solution File, Format Version 12.00
# Visual Studio 15
VisualStudioVersion = 15.0.26730.16
MinimumVisualStudioVersion = 10.0.40219.1
Project("{888888A0-9F3D-457C-B088-3A5042F75D52}") = "star", "star\star.pyproj", "{5527E84C-C51B-417F-BEBD-922646B1D2A8}"
EndProject
Global
	GlobalSection(SolutionConfigurationPlatforms) = preSolution
		Debug|Any CPU = Debug|Any CPU
		Release|Any CPU = Release|Any CPU
	EndGlobalSection
	GlobalSection(ProjectConfigurationPlatforms) = postSolution
		{5527E84C-C51B-417F-BEBD-922646B1D2A8}.Debug|Any CPU.ActiveCfg = Debug|Any CPU
		{5527E84C-C51B-417F-BEBD-922646B1D2A8}.Release|Any CPU.ActiveCfg = Release|Any CPU
	EndGlobalSection
	GlobalSection(SolutionProperties) = preSolution
		HideSolutionNode = FALSE
	EndGlobalSection
	GlobalSection(ExtensibilityGlobals) = postSolution
		SolutionGuid = {5A64A433-E3AE-4123-BBDF-26DC97434B36}
	EndGlobalSection
EndGlobal
